
Microsoft Visual Studio Solution File, Format Version 12.00
# Visual Studio Version 17
VisualStudioVersion = 17.14.36414.22 d17.14
MinimumVisualStudioVersion = 10.0.40219.1
Project("{2150E333-8FDC-42A3-9474-1A3956D46DE8}") = "task0", "task0", "{02EA681E-C7D8-13C7-8484-4AC65E1B71E8}"
EndProject
Project("{FAE04EC0-301F-11D3-BF4B-00C04F79EFBC}") = "tyuiu.zamjakinaoa.sprint0.task0.v0", "tyuiu.zamjakinaoa.sprint0.task0.v0\tyuiu.zamjakinaoa.sprint0.task0.v0.csproj", "{299A3DDA-77A0-4F15-9A8F-71A90D595B1D}"
EndProject
Global
	GlobalSection(SolutionConfigurationPlatforms) = preSolution
		Debug|Any CPU = Debug|Any CPU
		Release|Any CPU = Release|Any CPU
	EndGlobalSection
	GlobalSection(ProjectConfigurationPlatforms) = postSolution
		{299A3DDA-77A0-4F15-9A8F-71A90D595B1D}.Debug|Any CPU.ActiveCfg = Debug|Any CPU
		{299A3DDA-77A0-4F15-9A8F-71A90D595B1D}.Debug|Any CPU.Build.0 = Debug|Any CPU
		{299A3DDA-77A0-4F15-9A8F-71A90D595B1D}.Release|Any CPU.ActiveCfg = Release|Any CPU
		{299A3DDA-77A0-4F15-9A8F-71A90D595B1D}.Release|Any CPU.Build.0 = Release|Any CPU
	EndGlobalSection
	GlobalSection(SolutionProperties) = preSolution
		HideSolutionNode = FALSE
	EndGlobalSection
	GlobalSection(NestedProjects) = preSolution
		{299A3DDA-77A0-4F15-9A8F-71A90D595B1D} = {02EA681E-C7D8-13C7-8484-4AC65E1B71E8}
	EndGlobalSection
	GlobalSection(ExtensibilityGlobals) = postSolution
		SolutionGuid = {C9339F67-7AC7-4961-9364-D41AD16D484A}
	EndGlobalSection
EndGlobal
