
Microsoft Visual Studio Solution File, Format Version 12.00
# Visual Studio Version 17
VisualStudioVersion = 17.14.36414.22
MinimumVisualStudioVersion = 10.0.40219.1
Project("{2150E333-8FDC-42A3-9474-1A3956D46DE8}") = "task0", "task0", "{02EA681E-C7D8-13C7-8484-4AC65E1B71E8}"
EndProject
Project("{FAE04EC0-301F-11D3-BF4B-00C04F79EFBC}") = "tyuiu.zamjakinaoa.sprint0.task0.v0", "tyuiu.zamjakinaoa.sprint0.task0.v0\tyuiu.zamjakinaoa.sprint0.task0.v0.csproj", "{299A3DDA-77A0-4F15-9A8F-71A90D595B1D}"
EndProject
Project("{2150E333-8FDC-42A3-9474-1A3956D46DE8}") = "task1", "task1", "{58B37BD5-2393-4B26-86F1-D4478D4FE352}"
EndProject
Project("{FAE04EC0-301F-11D3-BF4B-00C04F79EFBC}") = "tyuiu.zamjakinaoa.sprint0.task1.v0", "tyuiu.zamjakinaoa.sprint0.task1\tyuiu.zamjakinaoa.sprint0.task1.v0.csproj", "{A4E20F48-08CF-4B7D-B06B-C2FF7D127FFB}"
EndProject
Project("{2150E333-8FDC-42A3-9474-1A3956D46DE8}") = "task2", "task2", "{94F4646C-5059-447A-A665-375A90C70157}"
EndProject
Project("{FAE04EC0-301F-11D3-BF4B-00C04F79EFBC}") = "tyuiu.zamjakinaoa.sprint0.task2.v0", "tyuiu.zamjakinaoa.sprint0.task2.v0\tyuiu.zamjakinaoa.sprint0.task2.v0.csproj", "{FB22ABD6-C3C9-44D0-85B7-8744C94E863A}"
EndProject
Project("{FAE04EC0-301F-11D3-BF4B-00C04F79EFBC}") = "tyuiu.zamjakinaoa.sprint0.task2.v0.lib", "tyuiu.zamjakinaoa.sprint0.task0.v0.lib\tyuiu.zamjakinaoa.sprint0.task2.v0.lib.csproj", "{480BA1FE-2A0C-4413-9368-C92E53B69A1D}"
EndProject
Project("{FAE04EC0-301F-11D3-BF4B-00C04F79EFBC}") = "tyuiu.zamjakinaoa.sprint0.task2.v0.test", "tyuiu.zamjakinaoa.sprint0.task0.v0.test\tyuiu.zamjakinaoa.sprint0.task2.v0.test.csproj", "{7E5D5008-B5DE-4A07-A77A-CD302648773D}"
EndProject
Project("{2150E333-8FDC-42A3-9474-1A3956D46DE8}") = "task3", "task3", "{AD1B0F3C-D48B-4838-8019-08EAE3986F6E}"
EndProject
Project("{FAE04EC0-301F-11D3-BF4B-00C04F79EFBC}") = "tyuiu.zamjakinaoa.sprint0.task3.v0", "tyuiu.zamjakinaoa.sprint0.task3.v0\tyuiu.zamjakinaoa.sprint0.task3.v0.csproj", "{248293C6-992E-41CF-9841-131C5079138F}"
EndProject
Project("{FAE04EC0-301F-11D3-BF4B-00C04F79EFBC}") = "tyuiu.zamjakinaoa.sprint0.task3.v0.lib", "tyuiu.zamjakinaoa.sprint0.task3.v0.lib\tyuiu.zamjakinaoa.sprint0.task3.v0.lib.csproj", "{57F9BC32-561B-4988-BF49-F32936E25EB9}"
EndProject
Project("{FAE04EC0-301F-11D3-BF4B-00C04F79EFBC}") = "tyuiu.zamjakinaoa.sprint0.task3.v0.test", "tyuiu.zamjakinaoa.sprint0.task3.v0.test\tyuiu.zamjakinaoa.sprint0.task3.v0.test.csproj", "{DED2731C-232B-4254-886B-846BDEC02C13}"
EndProject
Project("{2150E333-8FDC-42A3-9474-1A3956D46DE8}") = "task4", "task4", "{3CD09325-9088-4A02-9624-358D7982C66C}"
EndProject
Project("{FAE04EC0-301F-11D3-BF4B-00C04F79EFBC}") = "tyuiu.zamjakinaoa.sprint0.task4.v0", "tyuiu.zamjakinaoa.sprint0.task4.v0\tyuiu.zamjakinaoa.sprint0.task4.v0.csproj", "{AABCDB06-783E-4E6F-B285-E95513A330D9}"
EndProject
Project("{FAE04EC0-301F-11D3-BF4B-00C04F79EFBC}") = "tyuiu.zamjakinaoa.sprint0.task4.v0.test", "tyuiu.zamjakinaoa.sprint0.task4.v0.test\tyuiu.zamjakinaoa.sprint0.task4.v0.test.csproj", "{28D31BF5-A6DE-42FE-AEA9-65427AB0E4C7}"
EndProject
Project("{FAE04EC0-301F-11D3-BF4B-00C04F79EFBC}") = "tyuiu.zamjakinaoa.sprint0.task4.v0.lib", "tyuiu.zamjakinaoa.sprint0.task4.v0.lib\tyuiu.zamjakinaoa.sprint0.task4.v0.lib.csproj", "{4B3FB84E-E121-49A8-AA77-87F811637426}"
EndProject
Project("{2150E333-8FDC-42A3-9474-1A3956D46DE8}") = "task5", "task5", "{E6D4CBCC-080F-4D24-BBED-6925CED80818}"
EndProject
Project("{FAE04EC0-301F-11D3-BF4B-00C04F79EFBC}") = "tyuiu.zamjakinaoa.sprint0.task5.v0", "tyuiu.zamjakinaoa.sprint0.task5.v0\tyuiu.zamjakinaoa.sprint0.task5.v0.csproj", "{7927F4C1-026B-4321-A135-460594E9CC9F}"
EndProject
Project("{FAE04EC0-301F-11D3-BF4B-00C04F79EFBC}") = "tyuiu.zamjakinaoa.sprint0.task5.v0.lib", "tyuiu.zamjakinaoa.sprint0.task5.v0.lib\tyuiu.zamjakinaoa.sprint0.task5.v0.lib.csproj", "{8EDC835A-BBC0-4159-BA7A-A4B17E049CBA}"
EndProject
Project("{FAE04EC0-301F-11D3-BF4B-00C04F79EFBC}") = "tyuiu.zamjakinaoa.sprint0.task5.v0.test", "tyuiu.zamjakinaoa.sprint0.task5.v0.test\tyuiu.zamjakinaoa.sprint0.task5.v0.test.csproj", "{28524B5B-60F1-4486-882D-297670EEC5D4}"
EndProject
Project("{2150E333-8FDC-42A3-9474-1A3956D46DE8}") = "task6", "task6", "{D8373C58-3A04-4F2A-B716-BAF19CA97EBD}"
EndProject
Project("{FAE04EC0-301F-11D3-BF4B-00C04F79EFBC}") = "tyuiu.zamjakinaoa.sprint0.task6.v0", "tyuiu.zamjakinaoa.sprint0.task6.v0\tyuiu.zamjakinaoa.sprint0.task6.v0.csproj", "{DCB2ACCE-1F26-4850-AEEE-26EF5727C8E5}"
EndProject
Project("{FAE04EC0-301F-11D3-BF4B-00C04F79EFBC}") = "tyuiu.zamjakinaoa.sprint0.task6.v0.test", "tyuiu.zamjakinaoa.sprint0.task6.v0.test\tyuiu.zamjakinaoa.sprint0.task6.v0.test.csproj", "{FFD7EC4A-C663-405A-B81B-61E5C352DD58}"
EndProject
Project("{FAE04EC0-301F-11D3-BF4B-00C04F79EFBC}") = "tyuiu.zamjakinaoa.sprint0.task6.v0.lib", "tyuiu.zamjakinaoa.sprint0.task6.v0.lib\tyuiu.zamjakinaoa.sprint0.task6.v0.lib.csproj", "{68CBFC97-A57D-4895-90F3-2884C920D295}"
EndProject
Global
	GlobalSection(SolutionConfigurationPlatforms) = preSolution
		Debug|Any CPU = Debug|Any CPU
		Release|Any CPU = Release|Any CPU
	EndGlobalSection
	GlobalSection(ProjectConfigurationPlatforms) = postSolution
		{299A3DDA-77A0-4F15-9A8F-71A90D595B1D}.Debug|Any CPU.ActiveCfg = Debug|Any CPU
		{299A3DDA-77A0-4F15-9A8F-71A90D595B1D}.Debug|Any CPU.Build.0 = Debug|Any CPU
		{299A3DDA-77A0-4F15-9A8F-71A90D595B1D}.Release|Any CPU.ActiveCfg = Release|Any CPU
		{299A3DDA-77A0-4F15-9A8F-71A90D595B1D}.Release|Any CPU.Build.0 = Release|Any CPU
		{A4E20F48-08CF-4B7D-B06B-C2FF7D127FFB}.Debug|Any CPU.ActiveCfg = Debug|Any CPU
		{A4E20F48-08CF-4B7D-B06B-C2FF7D127FFB}.Debug|Any CPU.Build.0 = Debug|Any CPU
		{A4E20F48-08CF-4B7D-B06B-C2FF7D127FFB}.Release|Any CPU.ActiveCfg = Release|Any CPU
		{A4E20F48-08CF-4B7D-B06B-C2FF7D127FFB}.Release|Any CPU.Build.0 = Release|Any CPU
		{FB22ABD6-C3C9-44D0-85B7-8744C94E863A}.Debug|Any CPU.ActiveCfg = Debug|Any CPU
		{FB22ABD6-C3C9-44D0-85B7-8744C94E863A}.Debug|Any CPU.Build.0 = Debug|Any CPU
		{FB22ABD6-C3C9-44D0-85B7-8744C94E863A}.Release|Any CPU.ActiveCfg = Release|Any CPU
		{FB22ABD6-C3C9-44D0-85B7-8744C94E863A}.Release|Any CPU.Build.0 = Release|Any CPU
		{480BA1FE-2A0C-4413-9368-C92E53B69A1D}.Debug|Any CPU.ActiveCfg = Debug|Any CPU
		{480BA1FE-2A0C-4413-9368-C92E53B69A1D}.Debug|Any CPU.Build.0 = Debug|Any CPU
		{480BA1FE-2A0C-4413-9368-C92E53B69A1D}.Release|Any CPU.ActiveCfg = Release|Any CPU
		{480BA1FE-2A0C-4413-9368-C92E53B69A1D}.Release|Any CPU.Build.0 = Release|Any CPU
		{7E5D5008-B5DE-4A07-A77A-CD302648773D}.Debug|Any CPU.ActiveCfg = Debug|Any CPU
		{7E5D5008-B5DE-4A07-A77A-CD302648773D}.Debug|Any CPU.Build.0 = Debug|Any CPU
		{7E5D5008-B5DE-4A07-A77A-CD302648773D}.Release|Any CPU.ActiveCfg = Release|Any CPU
		{7E5D5008-B5DE-4A07-A77A-CD302648773D}.Release|Any CPU.Build.0 = Release|Any CPU
		{248293C6-992E-41CF-9841-131C5079138F}.Debug|Any CPU.ActiveCfg = Debug|Any CPU
		{248293C6-992E-41CF-9841-131C5079138F}.Debug|Any CPU.Build.0 = Debug|Any CPU
		{248293C6-992E-41CF-9841-131C5079138F}.Release|Any CPU.ActiveCfg = Release|Any CPU
		{248293C6-992E-41CF-9841-131C5079138F}.Release|Any CPU.Build.0 = Release|Any CPU
		{57F9BC32-561B-4988-BF49-F32936E25EB9}.Debug|Any CPU.ActiveCfg = Debug|Any CPU
		{57F9BC32-561B-4988-BF49-F32936E25EB9}.Debug|Any CPU.Build.0 = Debug|Any CPU
		{57F9BC32-561B-4988-BF49-F32936E25EB9}.Release|Any CPU.ActiveCfg = Release|Any CPU
		{57F9BC32-561B-4988-BF49-F32936E25EB9}.Release|Any CPU.Build.0 = Release|Any CPU
		{DED2731C-232B-4254-886B-846BDEC02C13}.Debug|Any CPU.ActiveCfg = Debug|Any CPU
		{DED2731C-232B-4254-886B-846BDEC02C13}.Debug|Any CPU.Build.0 = Debug|Any CPU
		{DED2731C-232B-4254-886B-846BDEC02C13}.Release|Any CPU.ActiveCfg = Release|Any CPU
		{DED2731C-232B-4254-886B-846BDEC02C13}.Release|Any CPU.Build.0 = Release|Any CPU
		{AABCDB06-783E-4E6F-B285-E95513A330D9}.Debug|Any CPU.ActiveCfg = Debug|Any CPU
		{AABCDB06-783E-4E6F-B285-E95513A330D9}.Debug|Any CPU.Build.0 = Debug|Any CPU
		{AABCDB06-783E-4E6F-B285-E95513A330D9}.Release|Any CPU.ActiveCfg = Release|Any CPU
		{AABCDB06-783E-4E6F-B285-E95513A330D9}.Release|Any CPU.Build.0 = Release|Any CPU
		{28D31BF5-A6DE-42FE-AEA9-65427AB0E4C7}.Debug|Any CPU.ActiveCfg = Debug|Any CPU
		{28D31BF5-A6DE-42FE-AEA9-65427AB0E4C7}.Debug|Any CPU.Build.0 = Debug|Any CPU
		{28D31BF5-A6DE-42FE-AEA9-65427AB0E4C7}.Release|Any CPU.ActiveCfg = Release|Any CPU
		{28D31BF5-A6DE-42FE-AEA9-65427AB0E4C7}.Release|Any CPU.Build.0 = Release|Any CPU
		{4B3FB84E-E121-49A8-AA77-87F811637426}.Debug|Any CPU.ActiveCfg = Debug|Any CPU
		{4B3FB84E-E121-49A8-AA77-87F811637426}.Debug|Any CPU.Build.0 = Debug|Any CPU
		{4B3FB84E-E121-49A8-AA77-87F811637426}.Release|Any CPU.ActiveCfg = Release|Any CPU
		{4B3FB84E-E121-49A8-AA77-87F811637426}.Release|Any CPU.Build.0 = Release|Any CPU
		{7927F4C1-026B-4321-A135-460594E9CC9F}.Debug|Any CPU.ActiveCfg = Debug|Any CPU
		{7927F4C1-026B-4321-A135-460594E9CC9F}.Debug|Any CPU.Build.0 = Debug|Any CPU
		{7927F4C1-026B-4321-A135-460594E9CC9F}.Release|Any CPU.ActiveCfg = Release|Any CPU
		{7927F4C1-026B-4321-A135-460594E9CC9F}.Release|Any CPU.Build.0 = Release|Any CPU
		{8EDC835A-BBC0-4159-BA7A-A4B17E049CBA}.Debug|Any CPU.ActiveCfg = Debug|Any CPU
		{8EDC835A-BBC0-4159-BA7A-A4B17E049CBA}.Debug|Any CPU.Build.0 = Debug|Any CPU
		{8EDC835A-BBC0-4159-BA7A-A4B17E049CBA}.Release|Any CPU.ActiveCfg = Release|Any CPU
		{8EDC835A-BBC0-4159-BA7A-A4B17E049CBA}.Release|Any CPU.Build.0 = Release|Any CPU
		{28524B5B-60F1-4486-882D-297670EEC5D4}.Debug|Any CPU.ActiveCfg = Debug|Any CPU
		{28524B5B-60F1-4486-882D-297670EEC5D4}.Debug|Any CPU.Build.0 = Debug|Any CPU
		{28524B5B-60F1-4486-882D-297670EEC5D4}.Release|Any CPU.ActiveCfg = Release|Any CPU
		{28524B5B-60F1-4486-882D-297670EEC5D4}.Release|Any CPU.Build.0 = Release|Any CPU
		{DCB2ACCE-1F26-4850-AEEE-26EF5727C8E5}.Debug|Any CPU.ActiveCfg = Debug|Any CPU
		{DCB2ACCE-1F26-4850-AEEE-26EF5727C8E5}.Debug|Any CPU.Build.0 = Debug|Any CPU
		{DCB2ACCE-1F26-4850-AEEE-26EF5727C8E5}.Release|Any CPU.ActiveCfg = Release|Any CPU
		{DCB2ACCE-1F26-4850-AEEE-26EF5727C8E5}.Release|Any CPU.Build.0 = Release|Any CPU
		{FFD7EC4A-C663-405A-B81B-61E5C352DD58}.Debug|Any CPU.ActiveCfg = Debug|Any CPU
		{FFD7EC4A-C663-405A-B81B-61E5C352DD58}.Debug|Any CPU.Build.0 = Debug|Any CPU
		{FFD7EC4A-C663-405A-B81B-61E5C352DD58}.Release|Any CPU.ActiveCfg = Release|Any CPU
		{FFD7EC4A-C663-405A-B81B-61E5C352DD58}.Release|Any CPU.Build.0 = Release|Any CPU
		{68CBFC97-A57D-4895-90F3-2884C920D295}.Debug|Any CPU.ActiveCfg = Debug|Any CPU
		{68CBFC97-A57D-4895-90F3-2884C920D295}.Debug|Any CPU.Build.0 = Debug|Any CPU
		{68CBFC97-A57D-4895-90F3-2884C920D295}.Release|Any CPU.ActiveCfg = Release|Any CPU
		{68CBFC97-A57D-4895-90F3-2884C920D295}.Release|Any CPU.Build.0 = Release|Any CPU
	EndGlobalSection
	GlobalSection(SolutionProperties) = preSolution
		HideSolutionNode = FALSE
	EndGlobalSection
	GlobalSection(NestedProjects) = preSolution
		{299A3DDA-77A0-4F15-9A8F-71A90D595B1D} = {02EA681E-C7D8-13C7-8484-4AC65E1B71E8}
		{A4E20F48-08CF-4B7D-B06B-C2FF7D127FFB} = {58B37BD5-2393-4B26-86F1-D4478D4FE352}
		{FB22ABD6-C3C9-44D0-85B7-8744C94E863A} = {94F4646C-5059-447A-A665-375A90C70157}
		{480BA1FE-2A0C-4413-9368-C92E53B69A1D} = {94F4646C-5059-447A-A665-375A90C70157}
		{7E5D5008-B5DE-4A07-A77A-CD302648773D} = {94F4646C-5059-447A-A665-375A90C70157}
		{248293C6-992E-41CF-9841-131C5079138F} = {AD1B0F3C-D48B-4838-8019-08EAE3986F6E}
		{57F9BC32-561B-4988-BF49-F32936E25EB9} = {AD1B0F3C-D48B-4838-8019-08EAE3986F6E}
		{DED2731C-232B-4254-886B-846BDEC02C13} = {AD1B0F3C-D48B-4838-8019-08EAE3986F6E}
		{AABCDB06-783E-4E6F-B285-E95513A330D9} = {3CD09325-9088-4A02-9624-358D7982C66C}
		{28D31BF5-A6DE-42FE-AEA9-65427AB0E4C7} = {3CD09325-9088-4A02-9624-358D7982C66C}
		{4B3FB84E-E121-49A8-AA77-87F811637426} = {3CD09325-9088-4A02-9624-358D7982C66C}
		{7927F4C1-026B-4321-A135-460594E9CC9F} = {E6D4CBCC-080F-4D24-BBED-6925CED80818}
		{8EDC835A-BBC0-4159-BA7A-A4B17E049CBA} = {E6D4CBCC-080F-4D24-BBED-6925CED80818}
		{28524B5B-60F1-4486-882D-297670EEC5D4} = {E6D4CBCC-080F-4D24-BBED-6925CED80818}
		{DCB2ACCE-1F26-4850-AEEE-26EF5727C8E5} = {D8373C58-3A04-4F2A-B716-BAF19CA97EBD}
		{FFD7EC4A-C663-405A-B81B-61E5C352DD58} = {D8373C58-3A04-4F2A-B716-BAF19CA97EBD}
		{68CBFC97-A57D-4895-90F3-2884C920D295} = {D8373C58-3A04-4F2A-B716-BAF19CA97EBD}
	EndGlobalSection
	GlobalSection(ExtensibilityGlobals) = postSolution
		SolutionGuid = {C9339F67-7AC7-4961-9364-D41AD16D484A}
	EndGlobalSection
EndGlobal
